// !$*UTF8*$!
{
	archiveVersion = 1;
	classes = {
	};
	objectVersion = 50;
	objects = {

/* Begin PBXBuildFile section */
		721F2E4B20AC6A3E005466B1 /* UIColorExtension.swift in Sources */ = {isa = PBXBuildFile; fileRef = 721F2E4A20AC6A3E005466B1 /* UIColorExtension.swift */; };
		721F2E4D20AC7A86005466B1 /* ProfileTableViewController.swift in Sources */ = {isa = PBXBuildFile; fileRef = 721F2E4C20AC7A86005466B1 /* ProfileTableViewController.swift */; };
		721F2E4F20AC7EA3005466B1 /* AttributedImageView.swift in Sources */ = {isa = PBXBuildFile; fileRef = 721F2E4E20AC7EA3005466B1 /* AttributedImageView.swift */; };
		721F2E5320AC863D005466B1 /* DetailedStartUpViewController.swift in Sources */ = {isa = PBXBuildFile; fileRef = 721F2E5220AC863D005466B1 /* DetailedStartUpViewController.swift */; };
		721F2E5520ACB7FE005466B1 /* UserTypeViewController.swift in Sources */ = {isa = PBXBuildFile; fileRef = 721F2E5420ACB7FE005466B1 /* UserTypeViewController.swift */; };
		721F2E5720ACBE6F005466B1 /* TableViewController.swift in Sources */ = {isa = PBXBuildFile; fileRef = 721F2E5620ACBE6F005466B1 /* TableViewController.swift */; };
		721F2E5920ACEE73005466B1 /* ImageManager.swift in Sources */ = {isa = PBXBuildFile; fileRef = 721F2E5820ACEE73005466B1 /* ImageManager.swift */; };
		721F2E5D20ACF8A7005466B1 /* Feedback.swift in Sources */ = {isa = PBXBuildFile; fileRef = 721F2E5C20ACF8A7005466B1 /* Feedback.swift */; };
		721F2E5F20ACFC8D005466B1 /* Colors.swift in Sources */ = {isa = PBXBuildFile; fileRef = 721F2E5E20ACFC8D005466B1 /* Colors.swift */; };
		721F2E6120ACFD9B005466B1 /* SendFeedbackTableViewController.swift in Sources */ = {isa = PBXBuildFile; fileRef = 721F2E6020ACFD9B005466B1 /* SendFeedbackTableViewController.swift */; };
		724936DA20AB5D0400E969D4 /* AttributedButton.swift in Sources */ = {isa = PBXBuildFile; fileRef = 724936D920AB5D0400E969D4 /* AttributedButton.swift */; };
		724936DD20AB79A300E969D4 /* Storage.swift in Sources */ = {isa = PBXBuildFile; fileRef = 724936DC20AB79A300E969D4 /* Storage.swift */; };
		724936E020AB855800E969D4 /* Message.swift in Sources */ = {isa = PBXBuildFile; fileRef = 724936DF20AB855800E969D4 /* Message.swift */; };
		724936E220AB8BB000E969D4 /* ViewController.swift in Sources */ = {isa = PBXBuildFile; fileRef = 724936E120AB8BB000E969D4 /* ViewController.swift */; };
		724936E420AB8BDC00E969D4 /* Title.swift in Sources */ = {isa = PBXBuildFile; fileRef = 724936E320AB8BDC00E969D4 /* Title.swift */; };
		72531B9F20A64E720092C800 /* AppDelegate.swift in Sources */ = {isa = PBXBuildFile; fileRef = 72531B9E20A64E720092C800 /* AppDelegate.swift */; };
		72531BA620A64E730092C800 /* Assets.xcassets in Resources */ = {isa = PBXBuildFile; fileRef = 72531BA520A64E730092C800 /* Assets.xcassets */; };
		72531BA920A64E730092C800 /* LaunchScreen.storyboard in Resources */ = {isa = PBXBuildFile; fileRef = 72531BA720A64E730092C800 /* LaunchScreen.storyboard */; };
		72531BB220A650210092C800 /* GoogleService-Info.plist in Resources */ = {isa = PBXBuildFile; fileRef = 72531BB120A650210092C800 /* GoogleService-Info.plist */; };
		7271FA8420ADCE1500F0C8DE /* SearchTableViewController.swift in Sources */ = {isa = PBXBuildFile; fileRef = 7271FA8320ADCE1500F0C8DE /* SearchTableViewController.swift */; };
		7271FA8620ADD06200F0C8DE /* CreateStartupViewController.swift in Sources */ = {isa = PBXBuildFile; fileRef = 7271FA8520ADD06200F0C8DE /* CreateStartupViewController.swift */; };
		7271FA8A20ADD34900F0C8DE /* StartupListTableViewController.swift in Sources */ = {isa = PBXBuildFile; fileRef = 7271FA8920ADD34900F0C8DE /* StartupListTableViewController.swift */; };
		7271FA8C20ADF26800F0C8DE /* StartupTableViewCell.swift in Sources */ = {isa = PBXBuildFile; fileRef = 7271FA8B20ADF26800F0C8DE /* StartupTableViewCell.swift */; };
		7271FA8E20ADF37D00F0C8DE /* Startup.swift in Sources */ = {isa = PBXBuildFile; fileRef = 7271FA8D20ADF37D00F0C8DE /* Startup.swift */; };
		7271FA9020AE2BA400F0C8DE /* StorageServiceFireBase.swift in Sources */ = {isa = PBXBuildFile; fileRef = 7271FA8F20AE2BA400F0C8DE /* StorageServiceFireBase.swift */; };
		7271FA9220AE2BCF00F0C8DE /* PostServiceFireBase.swift in Sources */ = {isa = PBXBuildFile; fileRef = 7271FA9120AE2BCF00F0C8DE /* PostServiceFireBase.swift */; };
		72AEA9B720A74E6D00E24C58 /* User.swift in Sources */ = {isa = PBXBuildFile; fileRef = 72AEA9B620A74E6D00E24C58 /* User.swift */; };
		72AEA9B920A74E9D00E24C58 /* Login.storyboard in Resources */ = {isa = PBXBuildFile; fileRef = 72AEA9B820A74E9D00E24C58 /* Login.storyboard */; };
		72AEA9BB20A74EB800E24C58 /* AuthorizationViewController.swift in Sources */ = {isa = PBXBuildFile; fileRef = 72AEA9BA20A74EB800E24C58 /* AuthorizationViewController.swift */; };
		72AEA9BD20A74EC700E24C58 /* RegistrationViewController.swift in Sources */ = {isa = PBXBuildFile; fileRef = 72AEA9BC20A74EC700E24C58 /* RegistrationViewController.swift */; };
		72AEA9C220A7564900E24C58 /* AttributedView.swift in Sources */ = {isa = PBXBuildFile; fileRef = 72AEA9C120A7564900E24C58 /* AttributedView.swift */; };
		7B1DCCB08D4DF745481EA5A5 /* Pods_listed_in_app.framework in Frameworks */ = {isa = PBXBuildFile; fileRef = 2B1A95D51162C17F3CD18DF5 /* Pods_listed_in_app.framework */; };
/* End PBXBuildFile section */

/* Begin PBXFileReference section */
		2B1A95D51162C17F3CD18DF5 /* Pods_listed_in_app.framework */ = {isa = PBXFileReference; explicitFileType = wrapper.framework; includeInIndex = 0; path = Pods_listed_in_app.framework; sourceTree = BUILT_PRODUCTS_DIR; };
		721F2E4A20AC6A3E005466B1 /* UIColorExtension.swift */ = {isa = PBXFileReference; lastKnownFileType = sourcecode.swift; path = UIColorExtension.swift; sourceTree = "<group>"; };
		721F2E4C20AC7A86005466B1 /* ProfileTableViewController.swift */ = {isa = PBXFileReference; lastKnownFileType = sourcecode.swift; path = ProfileTableViewController.swift; sourceTree = "<group>"; };
		721F2E4E20AC7EA3005466B1 /* AttributedImageView.swift */ = {isa = PBXFileReference; lastKnownFileType = sourcecode.swift; path = AttributedImageView.swift; sourceTree = "<group>"; };
		721F2E5220AC863D005466B1 /* DetailedStartUpViewController.swift */ = {isa = PBXFileReference; lastKnownFileType = sourcecode.swift; path = DetailedStartUpViewController.swift; sourceTree = "<group>"; };
		721F2E5420ACB7FE005466B1 /* UserTypeViewController.swift */ = {isa = PBXFileReference; lastKnownFileType = sourcecode.swift; path = UserTypeViewController.swift; sourceTree = "<group>"; };
		721F2E5620ACBE6F005466B1 /* TableViewController.swift */ = {isa = PBXFileReference; lastKnownFileType = sourcecode.swift; path = TableViewController.swift; sourceTree = "<group>"; };
		721F2E5820ACEE73005466B1 /* ImageManager.swift */ = {isa = PBXFileReference; lastKnownFileType = sourcecode.swift; path = ImageManager.swift; sourceTree = "<group>"; };
		721F2E5C20ACF8A7005466B1 /* Feedback.swift */ = {isa = PBXFileReference; lastKnownFileType = sourcecode.swift; path = Feedback.swift; sourceTree = "<group>"; };
		721F2E5E20ACFC8D005466B1 /* Colors.swift */ = {isa = PBXFileReference; lastKnownFileType = sourcecode.swift; path = Colors.swift; sourceTree = "<group>"; };
		721F2E6020ACFD9B005466B1 /* SendFeedbackTableViewController.swift */ = {isa = PBXFileReference; lastKnownFileType = sourcecode.swift; path = SendFeedbackTableViewController.swift; sourceTree = "<group>"; };
		724936D920AB5D0400E969D4 /* AttributedButton.swift */ = {isa = PBXFileReference; lastKnownFileType = sourcecode.swift; path = AttributedButton.swift; sourceTree = "<group>"; };
		724936DC20AB79A300E969D4 /* Storage.swift */ = {isa = PBXFileReference; lastKnownFileType = sourcecode.swift; path = Storage.swift; sourceTree = "<group>"; };
		724936DF20AB855800E969D4 /* Message.swift */ = {isa = PBXFileReference; lastKnownFileType = sourcecode.swift; path = Message.swift; sourceTree = "<group>"; };
		724936E120AB8BB000E969D4 /* ViewController.swift */ = {isa = PBXFileReference; lastKnownFileType = sourcecode.swift; path = ViewController.swift; sourceTree = "<group>"; };
		724936E320AB8BDC00E969D4 /* Title.swift */ = {isa = PBXFileReference; lastKnownFileType = sourcecode.swift; path = Title.swift; sourceTree = "<group>"; };
		72531B9B20A64E720092C800 /* listed-in-app.app */ = {isa = PBXFileReference; explicitFileType = wrapper.application; includeInIndex = 0; path = "listed-in-app.app"; sourceTree = BUILT_PRODUCTS_DIR; };
		72531B9E20A64E720092C800 /* AppDelegate.swift */ = {isa = PBXFileReference; lastKnownFileType = sourcecode.swift; path = AppDelegate.swift; sourceTree = "<group>"; };
		72531BA520A64E730092C800 /* Assets.xcassets */ = {isa = PBXFileReference; lastKnownFileType = folder.assetcatalog; path = Assets.xcassets; sourceTree = "<group>"; };
		72531BA820A64E730092C800 /* Base */ = {isa = PBXFileReference; lastKnownFileType = file.storyboard; name = Base; path = Base.lproj/LaunchScreen.storyboard; sourceTree = "<group>"; };
		72531BAA20A64E730092C800 /* Info.plist */ = {isa = PBXFileReference; lastKnownFileType = text.plist.xml; path = Info.plist; sourceTree = "<group>"; };
		72531BB120A650210092C800 /* GoogleService-Info.plist */ = {isa = PBXFileReference; fileEncoding = 4; lastKnownFileType = text.plist.xml; path = "GoogleService-Info.plist"; sourceTree = "<group>"; };
		7271FA8320ADCE1500F0C8DE /* SearchTableViewController.swift */ = {isa = PBXFileReference; lastKnownFileType = sourcecode.swift; path = SearchTableViewController.swift; sourceTree = "<group>"; };
		7271FA8520ADD06200F0C8DE /* CreateStartupViewController.swift */ = {isa = PBXFileReference; lastKnownFileType = sourcecode.swift; path = CreateStartupViewController.swift; sourceTree = "<group>"; };
		7271FA8920ADD34900F0C8DE /* StartupListTableViewController.swift */ = {isa = PBXFileReference; lastKnownFileType = sourcecode.swift; path = StartupListTableViewController.swift; sourceTree = "<group>"; };
		7271FA8B20ADF26800F0C8DE /* StartupTableViewCell.swift */ = {isa = PBXFileReference; lastKnownFileType = sourcecode.swift; path = StartupTableViewCell.swift; sourceTree = "<group>"; };
		7271FA8D20ADF37D00F0C8DE /* Startup.swift */ = {isa = PBXFileReference; lastKnownFileType = sourcecode.swift; path = Startup.swift; sourceTree = "<group>"; };
		7271FA8F20AE2BA400F0C8DE /* StorageServiceFireBase.swift */ = {isa = PBXFileReference; lastKnownFileType = sourcecode.swift; path = StorageServiceFireBase.swift; sourceTree = "<group>"; };
		7271FA9120AE2BCF00F0C8DE /* PostServiceFireBase.swift */ = {isa = PBXFileReference; lastKnownFileType = sourcecode.swift; path = PostServiceFireBase.swift; sourceTree = "<group>"; };
		72AEA9B620A74E6D00E24C58 /* User.swift */ = {isa = PBXFileReference; lastKnownFileType = sourcecode.swift; path = User.swift; sourceTree = "<group>"; };
		72AEA9B820A74E9D00E24C58 /* Login.storyboard */ = {isa = PBXFileReference; lastKnownFileType = file.storyboard; path = Login.storyboard; sourceTree = "<group>"; };
		72AEA9BA20A74EB800E24C58 /* AuthorizationViewController.swift */ = {isa = PBXFileReference; lastKnownFileType = sourcecode.swift; path = AuthorizationViewController.swift; sourceTree = "<group>"; };
		72AEA9BC20A74EC700E24C58 /* RegistrationViewController.swift */ = {isa = PBXFileReference; lastKnownFileType = sourcecode.swift; path = RegistrationViewController.swift; sourceTree = "<group>"; };
		72AEA9C120A7564900E24C58 /* AttributedView.swift */ = {isa = PBXFileReference; lastKnownFileType = sourcecode.swift; path = AttributedView.swift; sourceTree = "<group>"; };
		72CA92D020ABAC9B00EF7C0B /* Reachability.framework */ = {isa = PBXFileReference; explicitFileType = wrapper.framework; path = Reachability.framework; sourceTree = BUILT_PRODUCTS_DIR; };
		7ECC4AB9AB081516F11DEF33 /* Pods-listed-in-app.release.xcconfig */ = {isa = PBXFileReference; includeInIndex = 1; lastKnownFileType = text.xcconfig; name = "Pods-listed-in-app.release.xcconfig"; path = "Pods/Target Support Files/Pods-listed-in-app/Pods-listed-in-app.release.xcconfig"; sourceTree = "<group>"; };
		F54B6E0CEC470C0F6AC435D0 /* Pods-listed-in-app.debug.xcconfig */ = {isa = PBXFileReference; includeInIndex = 1; lastKnownFileType = text.xcconfig; name = "Pods-listed-in-app.debug.xcconfig"; path = "Pods/Target Support Files/Pods-listed-in-app/Pods-listed-in-app.debug.xcconfig"; sourceTree = "<group>"; };
/* End PBXFileReference section */

/* Begin PBXFrameworksBuildPhase section */
		72531B9820A64E720092C800 /* Frameworks */ = {
			isa = PBXFrameworksBuildPhase;
			buildActionMask = 2147483647;
			files = (
				7B1DCCB08D4DF745481EA5A5 /* Pods_listed_in_app.framework in Frameworks */,
			);
			runOnlyForDeploymentPostprocessing = 0;
		};
/* End PBXFrameworksBuildPhase section */

/* Begin PBXGroup section */
		65965DED0340DCCD40809C7E /* Frameworks */ = {
			isa = PBXGroup;
			children = (
				72CA92D020ABAC9B00EF7C0B /* Reachability.framework */,
				2B1A95D51162C17F3CD18DF5 /* Pods_listed_in_app.framework */,
			);
			name = Frameworks;
			sourceTree = "<group>";
		};
		721F2E4320AC5F63005466B1 /* Profile */ = {
			isa = PBXGroup;
			children = (
				721F2E4620AC5F81005466B1 /* Control */,
				721F2E4520AC5F72005466B1 /* View */,
				721F2E4420AC5F6B005466B1 /* Model */,
			);
			path = Profile;
			sourceTree = "<group>";
		};
		721F2E4420AC5F6B005466B1 /* Model */ = {
			isa = PBXGroup;
			children = (
				721F2E5C20ACF8A7005466B1 /* Feedback.swift */,
			);
			path = Model;
			sourceTree = "<group>";
		};
		721F2E4520AC5F72005466B1 /* View */ = {
			isa = PBXGroup;
			children = (
			);
			path = View;
			sourceTree = "<group>";
		};
		721F2E4620AC5F81005466B1 /* Control */ = {
			isa = PBXGroup;
			children = (
				721F2E4C20AC7A86005466B1 /* ProfileTableViewController.swift */,
				721F2E6020ACFD9B005466B1 /* SendFeedbackTableViewController.swift */,
			);
			path = Control;
			sourceTree = "<group>";
		};
		721F2E4720AC5F91005466B1 /* Model */ = {
			isa = PBXGroup;
			children = (
				7271FA8D20ADF37D00F0C8DE /* Startup.swift */,
				7271FA8F20AE2BA400F0C8DE /* StorageServiceFireBase.swift */,
				7271FA9120AE2BCF00F0C8DE /* PostServiceFireBase.swift */,
			);
			path = Model;
			sourceTree = "<group>";
		};
		721F2E4820AC5F9B005466B1 /* View */ = {
			isa = PBXGroup;
			children = (
			);
			path = View;
			sourceTree = "<group>";
		};
		721F2E4920AC5F9F005466B1 /* Control */ = {
			isa = PBXGroup;
			children = (
				721F2E5220AC863D005466B1 /* DetailedStartUpViewController.swift */,
				7271FA8320ADCE1500F0C8DE /* SearchTableViewController.swift */,
				7271FA8520ADD06200F0C8DE /* CreateStartupViewController.swift */,
				7271FA8920ADD34900F0C8DE /* StartupListTableViewController.swift */,
				7271FA8B20ADF26800F0C8DE /* StartupTableViewCell.swift */,
			);
			path = Control;
			sourceTree = "<group>";
		};
		724936DB20AB799800E969D4 /* Storage */ = {
			isa = PBXGroup;
			children = (
				724936DC20AB79A300E969D4 /* Storage.swift */,
			);
			path = Storage;
			sourceTree = "<group>";
		};
		724936DE20AB854800E969D4 /* Static */ = {
			isa = PBXGroup;
			children = (
				724936DF20AB855800E969D4 /* Message.swift */,
				724936E320AB8BDC00E969D4 /* Title.swift */,
				721F2E5820ACEE73005466B1 /* ImageManager.swift */,
				721F2E5E20ACFC8D005466B1 /* Colors.swift */,
			);
			path = Static;
			sourceTree = "<group>";
		};
		72531B9220A64E720092C800 = {
			isa = PBXGroup;
			children = (
				72531B9D20A64E720092C800 /* listed-in-app */,
				72531B9C20A64E720092C800 /* Products */,
				A13ACCC363BC8F96742FD959 /* Pods */,
				65965DED0340DCCD40809C7E /* Frameworks */,
			);
			sourceTree = "<group>";
		};
		72531B9C20A64E720092C800 /* Products */ = {
			isa = PBXGroup;
			children = (
				72531B9B20A64E720092C800 /* listed-in-app.app */,
			);
			name = Products;
			sourceTree = "<group>";
		};
		72531B9D20A64E720092C800 /* listed-in-app */ = {
			isa = PBXGroup;
			children = (
				724936DE20AB854800E969D4 /* Static */,
				724936DB20AB799800E969D4 /* Storage */,
				72AEA9BE20A7560D00E24C58 /* Utilities */,
				72AEA9B120A74E3B00E24C58 /* Main Page */,
				72AEA9B020A74E2900E24C58 /* Authorization & Registration */,
				721F2E4320AC5F63005466B1 /* Profile */,
				72531B9E20A64E720092C800 /* AppDelegate.swift */,
				72531BB020A64E790092C800 /* Supporting files */,
			);
			path = "listed-in-app";
			sourceTree = "<group>";
		};
		72531BB020A64E790092C800 /* Supporting files */ = {
			isa = PBXGroup;
			children = (
				72531BA520A64E730092C800 /* Assets.xcassets */,
				72531BA720A64E730092C800 /* LaunchScreen.storyboard */,
				72531BAA20A64E730092C800 /* Info.plist */,
				72531BB120A650210092C800 /* GoogleService-Info.plist */,
			);
			path = "Supporting files";
			sourceTree = "<group>";
		};
		72AEA9B020A74E2900E24C58 /* Authorization & Registration */ = {
			isa = PBXGroup;
			children = (
				72AEA9B520A74E5B00E24C58 /* Control */,
				72AEA9B420A74E5600E24C58 /* View */,
				72AEA9B320A74E5200E24C58 /* Model */,
			);
			path = "Authorization & Registration";
			sourceTree = "<group>";
		};
		72AEA9B120A74E3B00E24C58 /* Main Page */ = {
			isa = PBXGroup;
			children = (
				721F2E4920AC5F9F005466B1 /* Control */,
				721F2E4820AC5F9B005466B1 /* View */,
				721F2E4720AC5F91005466B1 /* Model */,
			);
			path = "Main Page";
			sourceTree = "<group>";
		};
		72AEA9B320A74E5200E24C58 /* Model */ = {
			isa = PBXGroup;
			children = (
				72AEA9B620A74E6D00E24C58 /* User.swift */,
			);
			path = Model;
			sourceTree = "<group>";
		};
		72AEA9B420A74E5600E24C58 /* View */ = {
			isa = PBXGroup;
			children = (
				72AEA9B820A74E9D00E24C58 /* Login.storyboard */,
			);
			path = View;
			sourceTree = "<group>";
		};
		72AEA9B520A74E5B00E24C58 /* Control */ = {
			isa = PBXGroup;
			children = (
				72AEA9BA20A74EB800E24C58 /* AuthorizationViewController.swift */,
				72AEA9BC20A74EC700E24C58 /* RegistrationViewController.swift */,
				721F2E5420ACB7FE005466B1 /* UserTypeViewController.swift */,
			);
			path = Control;
			sourceTree = "<group>";
		};
		72AEA9BE20A7560D00E24C58 /* Utilities */ = {
			isa = PBXGroup;
			children = (
				72AEA9C120A7564900E24C58 /* AttributedView.swift */,
				724936D920AB5D0400E969D4 /* AttributedButton.swift */,
				724936E120AB8BB000E969D4 /* ViewController.swift */,
				721F2E4A20AC6A3E005466B1 /* UIColorExtension.swift */,
				721F2E4E20AC7EA3005466B1 /* AttributedImageView.swift */,
				721F2E5620ACBE6F005466B1 /* TableViewController.swift */,
			);
			path = Utilities;
			sourceTree = "<group>";
		};
		A13ACCC363BC8F96742FD959 /* Pods */ = {
			isa = PBXGroup;
			children = (
				F54B6E0CEC470C0F6AC435D0 /* Pods-listed-in-app.debug.xcconfig */,
				7ECC4AB9AB081516F11DEF33 /* Pods-listed-in-app.release.xcconfig */,
			);
			name = Pods;
			sourceTree = "<group>";
		};
/* End PBXGroup section */

/* Begin PBXNativeTarget section */
		72531B9A20A64E720092C800 /* listed-in-app */ = {
			isa = PBXNativeTarget;
			buildConfigurationList = 72531BAD20A64E730092C800 /* Build configuration list for PBXNativeTarget "listed-in-app" */;
			buildPhases = (
				FEFAB429544B1B330149369A /* [CP] Check Pods Manifest.lock */,
				72531B9720A64E720092C800 /* Sources */,
				72531B9820A64E720092C800 /* Frameworks */,
				72531B9920A64E720092C800 /* Resources */,
				CC9E352A572A7E4FF20DC3FC /* [CP] Embed Pods Frameworks */,
				878C86FE0A7D756A98A5943B /* [CP] Copy Pods Resources */,
			);
			buildRules = (
			);
			dependencies = (
			);
			name = "listed-in-app";
			productName = "listed-in-app";
			productReference = 72531B9B20A64E720092C800 /* listed-in-app.app */;
			productType = "com.apple.product-type.application";
		};
/* End PBXNativeTarget section */

/* Begin PBXProject section */
		72531B9320A64E720092C800 /* Project object */ = {
			isa = PBXProject;
			attributes = {
				LastSwiftUpdateCheck = 0930;
				LastUpgradeCheck = 0930;
				ORGANIZATIONNAME = "Serik Seidigalimov";
				TargetAttributes = {
					72531B9A20A64E720092C800 = {
						CreatedOnToolsVersion = 9.3;
					};
				};
			};
			buildConfigurationList = 72531B9620A64E720092C800 /* Build configuration list for PBXProject "listed-in-app" */;
			compatibilityVersion = "Xcode 9.3";
			developmentRegion = en;
			hasScannedForEncodings = 0;
			knownRegions = (
				en,
				Base,
			);
			mainGroup = 72531B9220A64E720092C800;
			productRefGroup = 72531B9C20A64E720092C800 /* Products */;
			projectDirPath = "";
			projectRoot = "";
			targets = (
				72531B9A20A64E720092C800 /* listed-in-app */,
			);
		};
/* End PBXProject section */

/* Begin PBXResourcesBuildPhase section */
		72531B9920A64E720092C800 /* Resources */ = {
			isa = PBXResourcesBuildPhase;
			buildActionMask = 2147483647;
			files = (
				72AEA9B920A74E9D00E24C58 /* Login.storyboard in Resources */,
				72531BA920A64E730092C800 /* LaunchScreen.storyboard in Resources */,
				72531BA620A64E730092C800 /* Assets.xcassets in Resources */,
				72531BB220A650210092C800 /* GoogleService-Info.plist in Resources */,
			);
			runOnlyForDeploymentPostprocessing = 0;
		};
/* End PBXResourcesBuildPhase section */

/* Begin PBXShellScriptBuildPhase section */
		878C86FE0A7D756A98A5943B /* [CP] Copy Pods Resources */ = {
			isa = PBXShellScriptBuildPhase;
			buildActionMask = 2147483647;
			files = (
			);
			inputPaths = (
				"${SRCROOT}/Pods/Target Support Files/Pods-listed-in-app/Pods-listed-in-app-resources.sh",
				"${PODS_ROOT}/GoogleSignIn/Resources/GoogleSignIn.bundle",
			);
			name = "[CP] Copy Pods Resources";
			outputPaths = (
				"${TARGET_BUILD_DIR}/${UNLOCALIZED_RESOURCES_FOLDER_PATH}/GoogleSignIn.bundle",
			);
			runOnlyForDeploymentPostprocessing = 0;
			shellPath = /bin/sh;
			shellScript = "\"${SRCROOT}/Pods/Target Support Files/Pods-listed-in-app/Pods-listed-in-app-resources.sh\"\n";
			showEnvVarsInLog = 0;
		};
		CC9E352A572A7E4FF20DC3FC /* [CP] Embed Pods Frameworks */ = {
			isa = PBXShellScriptBuildPhase;
			buildActionMask = 2147483647;
			files = (
			);
			inputPaths = (
				"${SRCROOT}/Pods/Target Support Files/Pods-listed-in-app/Pods-listed-in-app-frameworks.sh",
				"${BUILT_PRODUCTS_DIR}/AEXML/AEXML.framework",
				"${BUILT_PRODUCTS_DIR}/ActionSheetPicker-3.0/ActionSheetPicker_3_0.framework",
				"${BUILT_PRODUCTS_DIR}/Alamofire/Alamofire.framework",
				"${BUILT_PRODUCTS_DIR}/AlamofireImage/AlamofireImage.framework",
				"${BUILT_PRODUCTS_DIR}/BSForegroundNotification/BSForegroundNotification.framework",
				"${BUILT_PRODUCTS_DIR}/Bolts/Bolts.framework",
				"${BUILT_PRODUCTS_DIR}/Cache/Cache.framework",
				"${BUILT_PRODUCTS_DIR}/FBSDKCoreKit/FBSDKCoreKit.framework",
				"${BUILT_PRODUCTS_DIR}/FBSDKLoginKit/FBSDKLoginKit.framework",
				"${BUILT_PRODUCTS_DIR}/FBSDKShareKit/FBSDKShareKit.framework",
				"${BUILT_PRODUCTS_DIR}/FacebookCore/FacebookCore.framework",
				"${BUILT_PRODUCTS_DIR}/FacebookLogin/FacebookLogin.framework",
				"${BUILT_PRODUCTS_DIR}/FacebookShare/FacebookShare.framework",
				"${BUILT_PRODUCTS_DIR}/GTMOAuth2/GTMOAuth2.framework",
				"${BUILT_PRODUCTS_DIR}/GTMSessionFetcher/GTMSessionFetcher.framework",
				"${BUILT_PRODUCTS_DIR}/GoogleToolboxForMac/GoogleToolboxForMac.framework",
				"${BUILT_PRODUCTS_DIR}/IQKeyboardManagerSwift/IQKeyboardManagerSwift.framework",
				"${BUILT_PRODUCTS_DIR}/MKDropdownMenu/MKDropdownMenu.framework",
				"${BUILT_PRODUCTS_DIR}/NVActivityIndicatorView/NVActivityIndicatorView.framework",
				"${BUILT_PRODUCTS_DIR}/ObjectMapper/ObjectMapper.framework",
				"${BUILT_PRODUCTS_DIR}/ReachabilitySwift/Reachability.framework",
				"${BUILT_PRODUCTS_DIR}/Reusable/Reusable.framework",
				"${BUILT_PRODUCTS_DIR}/SDCAlertView/SDCAlertView.framework",
				"${BUILT_PRODUCTS_DIR}/SVProgressHUD/SVProgressHUD.framework",
				"${BUILT_PRODUCTS_DIR}/SWXMLHash/SWXMLHash.framework",
				"${BUILT_PRODUCTS_DIR}/leveldb-library/leveldb.framework",
				"${BUILT_PRODUCTS_DIR}/nanopb/nanopb.framework",
			);
			name = "[CP] Embed Pods Frameworks";
			outputPaths = (
				"${TARGET_BUILD_DIR}/${FRAMEWORKS_FOLDER_PATH}/AEXML.framework",
				"${TARGET_BUILD_DIR}/${FRAMEWORKS_FOLDER_PATH}/ActionSheetPicker_3_0.framework",
				"${TARGET_BUILD_DIR}/${FRAMEWORKS_FOLDER_PATH}/Alamofire.framework",
				"${TARGET_BUILD_DIR}/${FRAMEWORKS_FOLDER_PATH}/AlamofireImage.framework",
				"${TARGET_BUILD_DIR}/${FRAMEWORKS_FOLDER_PATH}/BSForegroundNotification.framework",
				"${TARGET_BUILD_DIR}/${FRAMEWORKS_FOLDER_PATH}/Bolts.framework",
				"${TARGET_BUILD_DIR}/${FRAMEWORKS_FOLDER_PATH}/Cache.framework",
				"${TARGET_BUILD_DIR}/${FRAMEWORKS_FOLDER_PATH}/FBSDKCoreKit.framework",
				"${TARGET_BUILD_DIR}/${FRAMEWORKS_FOLDER_PATH}/FBSDKLoginKit.framework",
				"${TARGET_BUILD_DIR}/${FRAMEWORKS_FOLDER_PATH}/FBSDKShareKit.framework",
				"${TARGET_BUILD_DIR}/${FRAMEWORKS_FOLDER_PATH}/FacebookCore.framework",
				"${TARGET_BUILD_DIR}/${FRAMEWORKS_FOLDER_PATH}/FacebookLogin.framework",
				"${TARGET_BUILD_DIR}/${FRAMEWORKS_FOLDER_PATH}/FacebookShare.framework",
				"${TARGET_BUILD_DIR}/${FRAMEWORKS_FOLDER_PATH}/GTMOAuth2.framework",
				"${TARGET_BUILD_DIR}/${FRAMEWORKS_FOLDER_PATH}/GTMSessionFetcher.framework",
				"${TARGET_BUILD_DIR}/${FRAMEWORKS_FOLDER_PATH}/GoogleToolboxForMac.framework",
				"${TARGET_BUILD_DIR}/${FRAMEWORKS_FOLDER_PATH}/IQKeyboardManagerSwift.framework",
				"${TARGET_BUILD_DIR}/${FRAMEWORKS_FOLDER_PATH}/MKDropdownMenu.framework",
				"${TARGET_BUILD_DIR}/${FRAMEWORKS_FOLDER_PATH}/NVActivityIndicatorView.framework",
				"${TARGET_BUILD_DIR}/${FRAMEWORKS_FOLDER_PATH}/ObjectMapper.framework",
				"${TARGET_BUILD_DIR}/${FRAMEWORKS_FOLDER_PATH}/Reachability.framework",
				"${TARGET_BUILD_DIR}/${FRAMEWORKS_FOLDER_PATH}/Reusable.framework",
				"${TARGET_BUILD_DIR}/${FRAMEWORKS_FOLDER_PATH}/SDCAlertView.framework",
				"${TARGET_BUILD_DIR}/${FRAMEWORKS_FOLDER_PATH}/SVProgressHUD.framework",
				"${TARGET_BUILD_DIR}/${FRAMEWORKS_FOLDER_PATH}/SWXMLHash.framework",
				"${TARGET_BUILD_DIR}/${FRAMEWORKS_FOLDER_PATH}/leveldb.framework",
				"${TARGET_BUILD_DIR}/${FRAMEWORKS_FOLDER_PATH}/nanopb.framework",
			);
			runOnlyForDeploymentPostprocessing = 0;
			shellPath = /bin/sh;
			shellScript = "\"${SRCROOT}/Pods/Target Support Files/Pods-listed-in-app/Pods-listed-in-app-frameworks.sh\"\n";
			showEnvVarsInLog = 0;
		};
		FEFAB429544B1B330149369A /* [CP] Check Pods Manifest.lock */ = {
			isa = PBXShellScriptBuildPhase;
			buildActionMask = 2147483647;
			files = (
			);
			inputPaths = (
				"${PODS_PODFILE_DIR_PATH}/Podfile.lock",
				"${PODS_ROOT}/Manifest.lock",
			);
			name = "[CP] Check Pods Manifest.lock";
			outputPaths = (
				"$(DERIVED_FILE_DIR)/Pods-listed-in-app-checkManifestLockResult.txt",
			);
			runOnlyForDeploymentPostprocessing = 0;
			shellPath = /bin/sh;
			shellScript = "diff \"${PODS_PODFILE_DIR_PATH}/Podfile.lock\" \"${PODS_ROOT}/Manifest.lock\" > /dev/null\nif [ $? != 0 ] ; then\n    # print error to STDERR\n    echo \"error: The sandbox is not in sync with the Podfile.lock. Run 'pod install' or update your CocoaPods installation.\" >&2\n    exit 1\nfi\n# This output is used by Xcode 'outputs' to avoid re-running this script phase.\necho \"SUCCESS\" > \"${SCRIPT_OUTPUT_FILE_0}\"\n";
			showEnvVarsInLog = 0;
		};
/* End PBXShellScriptBuildPhase section */

/* Begin PBXSourcesBuildPhase section */
		72531B9720A64E720092C800 /* Sources */ = {
			isa = PBXSourcesBuildPhase;
			buildActionMask = 2147483647;
			files = (
				7271FA8A20ADD34900F0C8DE /* StartupListTableViewController.swift in Sources */,
				721F2E6120ACFD9B005466B1 /* SendFeedbackTableViewController.swift in Sources */,
				724936E420AB8BDC00E969D4 /* Title.swift in Sources */,
				72AEA9BB20A74EB800E24C58 /* AuthorizationViewController.swift in Sources */,
				721F2E5D20ACF8A7005466B1 /* Feedback.swift in Sources */,
				721F2E5720ACBE6F005466B1 /* TableViewController.swift in Sources */,
				721F2E5920ACEE73005466B1 /* ImageManager.swift in Sources */,
				721F2E4F20AC7EA3005466B1 /* AttributedImageView.swift in Sources */,
				724936DD20AB79A300E969D4 /* Storage.swift in Sources */,
				7271FA8E20ADF37D00F0C8DE /* Startup.swift in Sources */,
				724936DA20AB5D0400E969D4 /* AttributedButton.swift in Sources */,
				721F2E5320AC863D005466B1 /* DetailedStartUpViewController.swift in Sources */,
				721F2E5F20ACFC8D005466B1 /* Colors.swift in Sources */,
				721F2E5520ACB7FE005466B1 /* UserTypeViewController.swift in Sources */,
				724936E220AB8BB000E969D4 /* ViewController.swift in Sources */,
				72531B9F20A64E720092C800 /* AppDelegate.swift in Sources */,
				721F2E4D20AC7A86005466B1 /* ProfileTableViewController.swift in Sources */,
				7271FA9220AE2BCF00F0C8DE /* PostServiceFireBase.swift in Sources */,
				72AEA9BD20A74EC700E24C58 /* RegistrationViewController.swift in Sources */,
				724936E020AB855800E969D4 /* Message.swift in Sources */,
				721F2E4B20AC6A3E005466B1 /* UIColorExtension.swift in Sources */,
				7271FA8C20ADF26800F0C8DE /* StartupTableViewCell.swift in Sources */,
				7271FA8420ADCE1500F0C8DE /* SearchTableViewController.swift in Sources */,
				7271FA9020AE2BA400F0C8DE /* StorageServiceFireBase.swift in Sources */,
				7271FA8620ADD06200F0C8DE /* CreateStartupViewController.swift in Sources */,
				72AEA9B720A74E6D00E24C58 /* User.swift in Sources */,
				72AEA9C220A7564900E24C58 /* AttributedView.swift in Sources */,
			);
			runOnlyForDeploymentPostprocessing = 0;
		};
/* End PBXSourcesBuildPhase section */

/* Begin PBXVariantGroup section */
		72531BA720A64E730092C800 /* LaunchScreen.storyboard */ = {
			isa = PBXVariantGroup;
			children = (
				72531BA820A64E730092C800 /* Base */,
			);
			name = LaunchScreen.storyboard;
			sourceTree = "<group>";
		};
/* End PBXVariantGroup section */

/* Begin XCBuildConfiguration section */
		72531BAB20A64E730092C800 /* Debug */ = {
			isa = XCBuildConfiguration;
			buildSettings = {
				ALWAYS_SEARCH_USER_PATHS = NO;
				CLANG_ANALYZER_NONNULL = YES;
				CLANG_ANALYZER_NUMBER_OBJECT_CONVERSION = YES_AGGRESSIVE;
				CLANG_CXX_LANGUAGE_STANDARD = "gnu++14";
				CLANG_CXX_LIBRARY = "libc++";
				CLANG_ENABLE_MODULES = YES;
				CLANG_ENABLE_OBJC_ARC = YES;
				CLANG_ENABLE_OBJC_WEAK = YES;
				CLANG_WARN_BLOCK_CAPTURE_AUTORELEASING = YES;
				CLANG_WARN_BOOL_CONVERSION = YES;
				CLANG_WARN_COMMA = YES;
				CLANG_WARN_CONSTANT_CONVERSION = YES;
				CLANG_WARN_DEPRECATED_OBJC_IMPLEMENTATIONS = YES;
				CLANG_WARN_DIRECT_OBJC_ISA_USAGE = YES_ERROR;
				CLANG_WARN_DOCUMENTATION_COMMENTS = YES;
				CLANG_WARN_EMPTY_BODY = YES;
				CLANG_WARN_ENUM_CONVERSION = YES;
				CLANG_WARN_INFINITE_RECURSION = YES;
				CLANG_WARN_INT_CONVERSION = YES;
				CLANG_WARN_NON_LITERAL_NULL_CONVERSION = YES;
				CLANG_WARN_OBJC_IMPLICIT_RETAIN_SELF = YES;
				CLANG_WARN_OBJC_LITERAL_CONVERSION = YES;
				CLANG_WARN_OBJC_ROOT_CLASS = YES_ERROR;
				CLANG_WARN_RANGE_LOOP_ANALYSIS = YES;
				CLANG_WARN_STRICT_PROTOTYPES = YES;
				CLANG_WARN_SUSPICIOUS_MOVE = YES;
				CLANG_WARN_UNGUARDED_AVAILABILITY = YES_AGGRESSIVE;
				CLANG_WARN_UNREACHABLE_CODE = YES;
				CLANG_WARN__DUPLICATE_METHOD_MATCH = YES;
				CODE_SIGN_IDENTITY = "iPhone Developer";
				COPY_PHASE_STRIP = NO;
				DEBUG_INFORMATION_FORMAT = dwarf;
				ENABLE_STRICT_OBJC_MSGSEND = YES;
				ENABLE_TESTABILITY = YES;
				GCC_C_LANGUAGE_STANDARD = gnu11;
				GCC_DYNAMIC_NO_PIC = NO;
				GCC_NO_COMMON_BLOCKS = YES;
				GCC_OPTIMIZATION_LEVEL = 0;
				GCC_PREPROCESSOR_DEFINITIONS = (
					"DEBUG=1",
					"$(inherited)",
				);
				GCC_WARN_64_TO_32_BIT_CONVERSION = YES;
				GCC_WARN_ABOUT_RETURN_TYPE = YES_ERROR;
				GCC_WARN_UNDECLARED_SELECTOR = YES;
				GCC_WARN_UNINITIALIZED_AUTOS = YES_AGGRESSIVE;
				GCC_WARN_UNUSED_FUNCTION = YES;
				GCC_WARN_UNUSED_VARIABLE = YES;
				IPHONEOS_DEPLOYMENT_TARGET = 11.3;
				MTL_ENABLE_DEBUG_INFO = YES;
				ONLY_ACTIVE_ARCH = YES;
				SDKROOT = iphoneos;
				SWIFT_ACTIVE_COMPILATION_CONDITIONS = DEBUG;
				SWIFT_OPTIMIZATION_LEVEL = "-Onone";
			};
			name = Debug;
		};
		72531BAC20A64E730092C800 /* Release */ = {
			isa = XCBuildConfiguration;
			buildSettings = {
				ALWAYS_SEARCH_USER_PATHS = NO;
				CLANG_ANALYZER_NONNULL = YES;
				CLANG_ANALYZER_NUMBER_OBJECT_CONVERSION = YES_AGGRESSIVE;
				CLANG_CXX_LANGUAGE_STANDARD = "gnu++14";
				CLANG_CXX_LIBRARY = "libc++";
				CLANG_ENABLE_MODULES = YES;
				CLANG_ENABLE_OBJC_ARC = YES;
				CLANG_ENABLE_OBJC_WEAK = YES;
				CLANG_WARN_BLOCK_CAPTURE_AUTORELEASING = YES;
				CLANG_WARN_BOOL_CONVERSION = YES;
				CLANG_WARN_COMMA = YES;
				CLANG_WARN_CONSTANT_CONVERSION = YES;
				CLANG_WARN_DEPRECATED_OBJC_IMPLEMENTATIONS = YES;
				CLANG_WARN_DIRECT_OBJC_ISA_USAGE = YES_ERROR;
				CLANG_WARN_DOCUMENTATION_COMMENTS = YES;
				CLANG_WARN_EMPTY_BODY = YES;
				CLANG_WARN_ENUM_CONVERSION = YES;
				CLANG_WARN_INFINITE_RECURSION = YES;
				CLANG_WARN_INT_CONVERSION = YES;
				CLANG_WARN_NON_LITERAL_NULL_CONVERSION = YES;
				CLANG_WARN_OBJC_IMPLICIT_RETAIN_SELF = YES;
				CLANG_WARN_OBJC_LITERAL_CONVERSION = YES;
				CLANG_WARN_OBJC_ROOT_CLASS = YES_ERROR;
				CLANG_WARN_RANGE_LOOP_ANALYSIS = YES;
				CLANG_WARN_STRICT_PROTOTYPES = YES;
				CLANG_WARN_SUSPICIOUS_MOVE = YES;
				CLANG_WARN_UNGUARDED_AVAILABILITY = YES_AGGRESSIVE;
				CLANG_WARN_UNREACHABLE_CODE = YES;
				CLANG_WARN__DUPLICATE_METHOD_MATCH = YES;
				CODE_SIGN_IDENTITY = "iPhone Developer";
				COPY_PHASE_STRIP = NO;
				DEBUG_INFORMATION_FORMAT = "dwarf-with-dsym";
				ENABLE_NS_ASSERTIONS = NO;
				ENABLE_STRICT_OBJC_MSGSEND = YES;
				GCC_C_LANGUAGE_STANDARD = gnu11;
				GCC_NO_COMMON_BLOCKS = YES;
				GCC_WARN_64_TO_32_BIT_CONVERSION = YES;
				GCC_WARN_ABOUT_RETURN_TYPE = YES_ERROR;
				GCC_WARN_UNDECLARED_SELECTOR = YES;
				GCC_WARN_UNINITIALIZED_AUTOS = YES_AGGRESSIVE;
				GCC_WARN_UNUSED_FUNCTION = YES;
				GCC_WARN_UNUSED_VARIABLE = YES;
				IPHONEOS_DEPLOYMENT_TARGET = 11.3;
				MTL_ENABLE_DEBUG_INFO = NO;
				SDKROOT = iphoneos;
				SWIFT_COMPILATION_MODE = wholemodule;
				SWIFT_OPTIMIZATION_LEVEL = "-O";
				VALIDATE_PRODUCT = YES;
			};
			name = Release;
		};
		72531BAE20A64E730092C800 /* Debug */ = {
			isa = XCBuildConfiguration;
			baseConfigurationReference = F54B6E0CEC470C0F6AC435D0 /* Pods-listed-in-app.debug.xcconfig */;
			buildSettings = {
				ASSETCATALOG_COMPILER_APPICON_NAME = AppIcon;
				CODE_SIGN_STYLE = Automatic;
				DEVELOPMENT_TEAM = 6YJSLUAB8W;
				INFOPLIST_FILE = "$(SRCROOT)/listed-in-app/Supporting files/Info.plist";
				IPHONEOS_DEPLOYMENT_TARGET = 9.0;
				LD_RUNPATH_SEARCH_PATHS = (
					"$(inherited)",
					"@executable_path/Frameworks",
				);
				PRODUCT_BUNDLE_IDENTIFIER = "com.listed-in-app";
				PRODUCT_NAME = "$(TARGET_NAME)";
				SWIFT_VERSION = 4.0;
				TARGETED_DEVICE_FAMILY = 1;
			};
			name = Debug;
		};
		72531BAF20A64E730092C800 /* Release */ = {
			isa = XCBuildConfiguration;
			baseConfigurationReference = 7ECC4AB9AB081516F11DEF33 /* Pods-listed-in-app.release.xcconfig */;
			buildSettings = {
				ASSETCATALOG_COMPILER_APPICON_NAME = AppIcon;
				CODE_SIGN_STYLE = Automatic;
				DEVELOPMENT_TEAM = 6YJSLUAB8W;
				INFOPLIST_FILE = "$(SRCROOT)/listed-in-app/Supporting files/Info.plist";
				IPHONEOS_DEPLOYMENT_TARGET = 9.0;
				LD_RUNPATH_SEARCH_PATHS = (
					"$(inherited)",
					"@executable_path/Frameworks",
				);
				PRODUCT_BUNDLE_IDENTIFIER = "com.listed-in-app";
				PRODUCT_NAME = "$(TARGET_NAME)";
				SWIFT_VERSION = 4.0;
				TARGETED_DEVICE_FAMILY = 1;
			};
			name = Release;
		};
/* End XCBuildConfiguration section */

/* Begin XCConfigurationList section */
		72531B9620A64E720092C800 /* Build configuration list for PBXProject "listed-in-app" */ = {
			isa = XCConfigurationList;
			buildConfigurations = (
				72531BAB20A64E730092C800 /* Debug */,
				72531BAC20A64E730092C800 /* Release */,
			);
			defaultConfigurationIsVisible = 0;
			defaultConfigurationName = Release;
		};
		72531BAD20A64E730092C800 /* Build configuration list for PBXNativeTarget "listed-in-app" */ = {
			isa = XCConfigurationList;
			buildConfigurations = (
				72531BAE20A64E730092C800 /* Debug */,
				72531BAF20A64E730092C800 /* Release */,
			);
			defaultConfigurationIsVisible = 0;
			defaultConfigurationName = Release;
		};
/* End XCConfigurationList section */
	};
	rootObject = 72531B9320A64E720092C800 /* Project object */;
}
